PODS:
  - AtomicX (1.0.0):
    - Kingfisher
    - RTCCommon
    - RTCRoomEngine/Professional
    - SnapKit
    - TUICore
    - TXLiteAVSDK_Professional (>= 12.8)
  - AtomicXCore (3.4.0):
    - RTCRoomEngine/Professional (>= 3.4.0)
  - Factory (2.3.2)
  - Kingfisher (8.5.0)
  - Masonry (1.1.3)
  - MJRefresh (3.7.9)
  - Protobuf (3.22.5)
  - ReactiveObjC (3.1.1)
  - RTCCommon (1.3.4)
  - RTCRoomEngine/Professional (3.4.0):
    - TXIMSDK_Plus_iOS_XCFramework (>= 8.7.7201)
    - TXLiteAVSDK_Professional (>= 12.8.0.19666)
  - SDWebImage (5.21.2):
    - SDWebImage/Core (= 5.21.2)
  - SDWebImage/Core (5.21.2)
  - SnapKit (5.7.1)
  - SSZipArchive (2.4.3)
  - SVGAPlayer (2.5.7):
    - SVGAPlayer/Core (= 2.5.7)
    - SVGAPlayer/ProtoFiles (= 2.5.7)
  - SVGAPlayer/Core (2.5.7):
    - SSZipArchive (>= 1.8.1)
    - SVGAPlayer/ProtoFiles
  - SVGAPlayer/ProtoFiles (2.5.7):
    - Protobuf (~> 3.4)
  - TIMCommon (8.6.7040):
    - TIMCommon/BaseCell (= 8.6.7040)
    - TIMCommon/BaseCellData (= 8.6.7040)
    - TIMCommon/CommonModel (= 8.6.7040)
    - TIMCommon/UI_Classic (= 8.6.7040)
    - TIMCommon/UI_Minimalist (= 8.6.7040)
  - TIMCommon/BaseCell (8.6.7040):
    - TIMCommon/BaseCellData
  - TIMCommon/BaseCellData (8.6.7040):
    - TIMCommon/CommonModel
  - TIMCommon/CommonModel (8.6.7040):
    - Masonry
    - ReactiveObjC
    - SDWebImage
    - TUICore
    - TXIMSDK_Plus_iOS_XCFramework
  - TIMCommon/UI_Classic (8.6.7040):
    - TIMCommon/BaseCell
  - TIMCommon/UI_Minimalist (8.6.7040):
    - TIMCommon/BaseCell
  - TUICallKit_Swift (1.0.0):
    - RTCCommon
    - TUICallKit_Swift/Professional (= 1.0.0)
    - TUICore
  - TUICallKit_Swift/Professional (1.0.0):
    - RTCCommon
    - RTCRoomEngine/Professional
    - TUICore
    - TXLiteAVSDK_Professional
  - TUIContact (8.6.7040):
    - TUIContact/ALL (= 8.6.7040)
  - TUIContact/ALL (8.6.7040):
    - TUIContact/UI_Classic
    - TUIContact/UI_Minimalist
  - TUIContact/BaseCell (8.6.7040):
    - TUIContact/BaseCell/CellData (= 8.6.7040)
    - TUIContact/BaseCell/CellUI (= 8.6.7040)
  - TUIContact/BaseCell/CellData (8.6.7040):
    - TUIContact/CommonModel
  - TUIContact/BaseCell/CellUI (8.6.7040):
    - TUIContact/BaseCell/CellData
  - TUIContact/BaseDataProvider (8.6.7040):
    - TUIContact/BaseCell
  - TUIContact/CommonModel (8.6.7040):
    - Masonry
    - ReactiveObjC
    - TIMCommon (~> 8.6.7040)
    - TUICore
    - TXIMSDK_Plus_iOS_XCFramework
  - TUIContact/CommonUI (8.6.7040):
    - TUIContact/BaseDataProvider
  - TUIContact/UI_Classic (8.6.7040):
    - TUIContact/UI_Classic/Header (= 8.6.7040)
    - TUIContact/UI_Classic/Service (= 8.6.7040)
    - TUIContact/UI_Classic/UI (= 8.6.7040)
  - TUIContact/UI_Classic/Header (8.6.7040):
    - TUIContact/UI_Classic/Service
  - TUIContact/UI_Classic/Service (8.6.7040):
    - TUIContact/UI_Classic/UI
  - TUIContact/UI_Classic/UI (8.6.7040):
    - TUIContact/CommonUI
  - TUIContact/UI_Minimalist (8.6.7040):
    - TUIContact/UI_Minimalist/Cell (= 8.6.7040)
    - TUIContact/UI_Minimalist/DataProvider (= 8.6.7040)
    - TUIContact/UI_Minimalist/Header (= 8.6.7040)
    - TUIContact/UI_Minimalist/Service (= 8.6.7040)
    - TUIContact/UI_Minimalist/UI (= 8.6.7040)
  - TUIContact/UI_Minimalist/Cell (8.6.7040):
    - TUIContact/UI_Minimalist/Cell/CellData (= 8.6.7040)
    - TUIContact/UI_Minimalist/Cell/CellUI (= 8.6.7040)
  - TUIContact/UI_Minimalist/Cell/CellData (8.6.7040):
    - TUIContact/CommonUI
  - TUIContact/UI_Minimalist/Cell/CellUI (8.6.7040):
    - TUIContact/UI_Minimalist/Cell/CellData
  - TUIContact/UI_Minimalist/DataProvider (8.6.7040):
    - TUIContact/UI_Minimalist/Cell
  - TUIContact/UI_Minimalist/Header (8.6.7040):
    - TUIContact/UI_Minimalist/Service
  - TUIContact/UI_Minimalist/Service (8.6.7040):
    - TUIContact/UI_Minimalist/UI
  - TUIContact/UI_Minimalist/UI (8.6.7040):
    - TUIContact/UI_Minimalist/DataProvider
  - TUICore (8.7.7201):
    - SDWebImage
    - TUICore/ImSDK_Plus (= 8.7.7201)
  - TUICore/Base (8.7.7201):
    - SDWebImage
  - TUICore/ImSDK_Plus (8.7.7201):
    - SDWebImage
    - TUICore/Base
    - TXIMSDK_Plus_iOS_XCFramework
  - TUILiveKit (1.0.0):
    - AtomicX
    - Kingfisher
    - MJRefresh
    - Protobuf (~> 3.22.1)
    - RTCCommon (>= 1.1.0)
    - SnapKit
    - SVGAPlayer (~> 2.5.7)
    - TUICore
    - TUILiveKit/Professional (= 1.0.0)
    - TXIMSDK_Plus_iOS_XCFramework (>= 8.7.7021)
  - TUILiveKit/Professional (1.0.0):
    - AtomicX
    - AtomicXCore
    - Kingfisher
    - MJRefresh
    - Protobuf (~> 3.22.1)
    - RTCCommon (>= 1.1.0)
    - RTCRoomEngine/Professional
    - SnapKit
    - SVGAPlayer (~> 2.5.7)
    - TUICore
    - TXIMSDK_Plus_iOS_XCFramework (>= 8.7.7021)
  - TUIRoomKit/Professional (1.3.2):
    - Factory (~> 2.3.0)
    - RTCRoomEngine/Professional
    - SnapKit
    - TIMCommon
    - TUICore
  - TXIMSDK_Plus_iOS_XCFramework (8.7.7201)
  - TXLiteAVSDK_Professional (12.8.19666):
    - TXLiteAVSDK_Professional/Professional (= 12.8.19666)
  - TXLiteAVSDK_Professional/Professional (12.8.19666)

DEPENDENCIES:
  - AtomicX (from `../atomic_x/AtomicX.podspec`)
  - AtomicXCore
  - Kingfisher
  - RTCCommon
  - SnapKit
  - TIMCommon
  - TUICallKit_Swift (from `../call/TUICallKit_Swift.podspec`)
  - TUIContact
  - TUILiveKit (from `../live/TUILiveKit.podspec`)
  - TUIRoomKit/Professional (from `../conference/TUIRoomKit.podspec`)

SPEC REPOS:
  https://git.woa.com/T-CocoaPods/Specs.git:
    - Masonry
  trunk:
    - AtomicXCore
    - Factory
    - Kingfisher
    - MJRefresh
    - Protobuf
    - ReactiveObjC
    - RTCCommon
    - RTCRoomEngine
    - SDWebImage
    - SnapKit
    - SSZipArchive
    - SVGAPlayer
    - TIMCommon
    - TUIContact
    - TUICore
    - TXIMSDK_Plus_iOS_XCFramework
    - TXLiteAVSDK_Professional

EXTERNAL SOURCES:
  AtomicX:
    :path: "../atomic_x/AtomicX.podspec"
  TUICallKit_Swift:
    :path: "../call/TUICallKit_Swift.podspec"
  TUILiveKit:
    :path: "../live/TUILiveKit.podspec"
  TUIRoomKit:
    :path: "../conference/TUIRoomKit.podspec"

SPEC CHECKSUMS:
  AtomicX: a0f078a77e0956f4938bb201409d54e31f718366
  AtomicXCore: 8e9dc4ce5bc4c551f411ba3009b5bf8c4d05216d
  Factory: 3a9d0809910130d609b34d4554828e6ecce519ff
  Kingfisher: ff0d31a1f07bdff6a1ebb3ba08b8e6e567b6500c
  Masonry: 93232cfd757f272823c069bc3819fa78eb2871f3
  MJRefresh: ff9e531227924c84ce459338414550a05d2aea78
  Protobuf: bcec8c9430002f8d11c8a08f964b3ebcdd060536
  ReactiveObjC: 011caa393aa0383245f2dcf9bf02e86b80b36040
  RTCCommon: 800851e0681e708e463d7bb2507ecde751f6924e
  RTCRoomEngine: 3dbae333f38ed5f695184436d4791e5e52846f94
  SDWebImage: 9f177d83116802728e122410fb25ad88f5c7608a
  SnapKit: d612e99e678a2d3b95bf60b0705ed0a35c03484a
  SSZipArchive: fe6a26b2a54d5a0890f2567b5cc6de5caa600aef
  SVGAPlayer: 318b85a78b61292d6ae9dfcd651f3f0d1cdadd86
  TIMCommon: 0ee839e3ccdea70a31d88847a040879b892901e8
  TUICallKit_Swift: e48a7b3f53101b6736ab2fef8999ba8f764611a8
  TUIContact: 6e52fdaa79f1812483bdcfb93d0cc95f15a5a929
  TUICore: f58c2bb34933590e144fa01644ebdbf04ee97ddc
  TUILiveKit: 8154296f326a8063c5bf676522431a5fc7811828
  TUIRoomKit: a8bf0b41c16daea75204feddadd179e20ca835ba
  TXIMSDK_Plus_iOS_XCFramework: 3b435eae84c639f35ae8dc9c8b92c399a8b0a67f
  TXLiteAVSDK_Professional: fab8ac9da64efa80bef81377b35530a791411a74

PODFILE CHECKSUM: 348513759e99aee25716863ac4789bd6e8519898

COCOAPODS: 1.16.2
